
Microsoft Visual Studio Solution File, Format Version 12.00
Project("{FAE04EC0-301F-11D3-BF4B-00C04F79EFBC}") = "ZeroToHeroAPI", "ZeroToHeroAPI.csproj", "{BBB7690E-41BF-4770-9BDF-8A49A2603C33}"
EndProject
Project("{2150E333-8FDC-42A3-9474-1A3956D46DE8}") = "Solution Items", "Solution Items", "{D30F9ECE-225D-441A-AD7B-10CAE38A0996}"
	ProjectSection(SolutionItems) = preProject
		compose.yaml = compose.yaml
	EndProjectSection
EndProject
Global
	GlobalSection(SolutionConfigurationPlatforms) = preSolution
		Debug|Any CPU = Debug|Any CPU
		Release|Any CPU = Release|Any CPU
	EndGlobalSection
	GlobalSection(ProjectConfigurationPlatforms) = postSolution
		{BBB7690E-41BF-4770-9BDF-8A49A2603C33}.Debug|Any CPU.ActiveCfg = Debug|Any CPU
		{BBB7690E-41BF-4770-9BDF-8A49A2603C33}.Debug|Any CPU.Build.0 = Debug|Any CPU
		{BBB7690E-41BF-4770-9BDF-8A49A2603C33}.Release|Any CPU.ActiveCfg = Release|Any CPU
		{BBB7690E-41BF-4770-9BDF-8A49A2603C33}.Release|Any CPU.Build.0 = Release|Any CPU
	EndGlobalSection
EndGlobal
